
Microsoft Visual Studio Solution File, Format Version 12.00
# Visual Studio Version 17
VisualStudioVersion = 17.6.33723.286
MinimumVisualStudioVersion = 10.0.40219.1
Project("{9A19103F-16F7-4668-BE54-9A1E7A4F7556}") = "PomodoroTimer", "PomodoroTimer.csproj", "{54727384-222D-4421-8B0B-7B54DECA2D9D}"
EndProject
Project("{54435603-DBB4-11D2-8724-00A0C9A8B90C}") = "Pomodoro Timer", "..\Pomodoro Timer\Pomodoro Timer.vdproj", "{FF925A1A-9CAC-40CE-9E33-8FDE4A9089AD}"
EndProject
Global
	GlobalSection(SolutionConfigurationPlatforms) = preSolution
		Debug|Any CPU = Debug|Any CPU
		Release|Any CPU = Release|Any CPU
	EndGlobalSection
	GlobalSection(ProjectConfigurationPlatforms) = postSolution
		{54727384-222D-4421-8B0B-7B54DECA2D9D}.Debug|Any CPU.ActiveCfg = Release|Any CPU
		{54727384-222D-4421-8B0B-7B54DECA2D9D}.Debug|Any CPU.Build.0 = Release|Any CPU
		{54727384-222D-4421-8B0B-7B54DECA2D9D}.Release|Any CPU.ActiveCfg = Release|Any CPU
		{54727384-222D-4421-8B0B-7B54DECA2D9D}.Release|Any CPU.Build.0 = Release|Any CPU
		{FF925A1A-9CAC-40CE-9E33-8FDE4A9089AD}.Debug|Any CPU.ActiveCfg = Debug
		{FF925A1A-9CAC-40CE-9E33-8FDE4A9089AD}.Release|Any CPU.ActiveCfg = Release
	EndGlobalSection
	GlobalSection(SolutionProperties) = preSolution
		HideSolutionNode = FALSE
	EndGlobalSection
	GlobalSection(ExtensibilityGlobals) = postSolution
		SolutionGuid = {0DC4D7BF-22EF-4C41-A915-CD4C7405D6EE}
	EndGlobalSection
EndGlobal
